{
    "version": 3,
    "terraform_version": "0.11.7",
    "serial": 80,
    "lineage": "a7fab1dc-97d7-0afa-fc0d-e104d3d7151d",
    "modules": [
        {
            "path": [
                "root"
            ],
            "outputs": {},
            "resources": {
                "google_compute_address.ipexterno": {
                    "type": "google_compute_address",
                    "depends_on": [],
                    "primary": {
                        "id": "projects/concrete-list-198618/regions/us-central1/addresses/rancher",
                        "attributes": {
                            "address": "35.224.1.99",
                            "address_type": "EXTERNAL",
                            "id": "projects/concrete-list-198618/regions/us-central1/addresses/rancher",
                            "name": "rancher",
                            "project": "concrete-list-198618",
                            "region": "us-central1",
                            "self_link": "https://www.googleapis.com/compute/v1/projects/concrete-list-198618/regions/us-central1/addresses/rancher",
                            "subnetwork": ""
                        },
                        "meta": {
                            "schema_version": "1"
                        },
                        "tainted": false
                    },
                    "deposed": [],
                    "provider": "provider.google"
                },
                "google_compute_firewall.devops": {
                    "type": "google_compute_firewall",
                    "depends_on": [],
                    "primary": {
                        "id": "estudosdevops",
                        "attributes": {
                            "allow.#": "2",
                            "allow.1367131964.ports.#": "0",
                            "allow.1367131964.protocol": "icmp",
                            "allow.3806481057.ports.#": "10",
                            "allow.3806481057.ports.0": "22",
                            "allow.3806481057.ports.1": "443",
                            "allow.3806481057.ports.2": "80",
                            "allow.3806481057.ports.3": "6443",
                            "allow.3806481057.ports.4": "2379-2380",
                            "allow.3806481057.ports.5": "8080",
                            "allow.3806481057.ports.6": "1000-2000",
                            "allow.3806481057.ports.7": "10250-10256",
                            "allow.3806481057.ports.8": "30000-32767",
                            "allow.3806481057.ports.9": "8472",
                            "allow.3806481057.protocol": "tcp",
                            "deny.#": "0",
                            "description": "",
                            "destination_ranges.#": "0",
                            "direction": "INGRESS",
                            "id": "estudosdevops",
                            "name": "estudosdevops",
                            "network": "https://www.googleapis.com/compute/v1/projects/concrete-list-198618/global/networks/default",
                            "priority": "1000",
                            "project": "concrete-list-198618",
                            "self_link": "https://www.googleapis.com/compute/v1/projects/concrete-list-198618/global/firewalls/estudosdevops",
                            "source_ranges.#": "1",
                            "source_ranges.1080289494": "0.0.0.0/0",
                            "source_service_accounts.#": "0",
                            "source_tags.#": "0",
                            "target_service_accounts.#": "0",
                            "target_tags.#": "1",
                            "target_tags.2560179967": "devops"
                        },
                        "meta": {
                            "schema_version": "1"
                        },
                        "tainted": false
                    },
                    "deposed": [],
                    "provider": "provider.google"
                },
                "google_compute_instance.devops": {
                    "type": "google_compute_instance",
                    "depends_on": [
                        "google_compute_address.ipexterno"
                    ],
                    "primary": {
                        "id": "rancher",
                        "attributes": {
                            "attached_disk.#": "0",
                            "boot_disk.#": "1",
                            "boot_disk.0.auto_delete": "true",
                            "boot_disk.0.device_name": "persistent-disk-0",
                            "boot_disk.0.disk_encryption_key_raw": "",
                            "boot_disk.0.disk_encryption_key_sha256": "",
                            "boot_disk.0.initialize_params.#": "1",
                            "boot_disk.0.initialize_params.0.image": "https://www.googleapis.com/compute/v1/projects/ubuntu-os-cloud/global/images/ubuntu-1604-xenial-v20180522",
                            "boot_disk.0.initialize_params.0.size": "10",
                            "boot_disk.0.initialize_params.0.type": "pd-standard",
                            "boot_disk.0.source": "https://www.googleapis.com/compute/v1/projects/concrete-list-198618/zones/us-central1-c/disks/rancher",
                            "can_ip_forward": "false",
                            "cpu_platform": "Intel Haswell",
                            "create_timeout": "4",
                            "deletion_protection": "false",
                            "guest_accelerator.#": "0",
                            "id": "rancher",
                            "instance_id": "7009232083505658650",
                            "label_fingerprint": "42WmSpB8rSM=",
                            "machine_type": "n1-standard-1",
                            "metadata.%": "1",
                            "metadata.sshKeys": "rgoncalves:ssh-rsa AAAAB3NzaC1yc2EAAAADAQABAAABAQDFSunS30iujH1HNivTezJgOAY9G/LuKatxk7rPeI5x74XWqNxjmgMgvwMD15m894wevUDfmsyi5pf9WYY6jvGIwjrvEzKRBW9fRroh1C+JcCaKplYP5JHc/cykXY7quH6Ws/vh2WAnQgYEL4sEKEiIi/y9OzjB6M53AmiEE0wdMRt8Z+N8fbUike8ebQuOcEqlKS41iSfXYBYfHGJbkwutieVNNK/zUmEHw0oRW70FULufctD9n7lby1Op7CwpGO/2PLgNJUQP/1VdXEB5dFZOLb2O+pijpUt+7///JLfqz770Hnj+im7mih/9t0CCshO3wIXm02ED5wf3EX9BG4cV rgoncalves@agility_casado\n",
                            "metadata_fingerprint": "GCOHZ88NtnE=",
                            "metadata_startup_script": "",
                            "min_cpu_platform": "",
                            "name": "rancher",
                            "network_interface.#": "1",
                            "network_interface.0.access_config.#": "1",
                            "network_interface.0.access_config.0.assigned_nat_ip": "35.224.1.99",
                            "network_interface.0.access_config.0.nat_ip": "35.224.1.99",
                            "network_interface.0.access_config.0.public_ptr_domain_name": "",
                            "network_interface.0.address": "10.128.0.2",
                            "network_interface.0.alias_ip_range.#": "0",
                            "network_interface.0.name": "nic0",
                            "network_interface.0.network": "https://www.googleapis.com/compute/beta/projects/concrete-list-198618/global/networks/default",
                            "network_interface.0.network_ip": "10.128.0.2",
                            "network_interface.0.subnetwork": "https://www.googleapis.com/compute/beta/projects/concrete-list-198618/regions/us-central1/subnetworks/default",
                            "network_interface.0.subnetwork_project": "concrete-list-198618",
                            "project": "concrete-list-198618",
                            "scheduling.#": "1",
                            "scheduling.0.automatic_restart": "true",
                            "scheduling.0.on_host_maintenance": "MIGRATE",
                            "scheduling.0.preemptible": "false",
                            "scratch_disk.#": "0",
                            "self_link": "https://www.googleapis.com/compute/v1/projects/concrete-list-198618/zones/us-central1-c/instances/rancher",
                            "service_account.#": "0",
                            "tags.#": "2",
                            "tags.2560179967": "devops",
                            "tags.4002270276": "ssh",
                            "tags_fingerprint": "Ecsf_VSydF8=",
                            "zone": "us-central1-c"
                        },
                        "meta": {
                            "e2bfb730-ecaa-11e6-8f88-34363bc7c4c0": {
                                "create": 360000000000,
                                "delete": 360000000000,
                                "update": 360000000000
                            },
                            "schema_version": "6"
                        },
                        "tainted": false
                    },
                    "deposed": [],
                    "provider": "provider.google"
                },
                "google_dns_managed_zone.devops": {
                    "type": "google_dns_managed_zone",
                    "depends_on": [],
                    "primary": {
                        "id": "rafcasado",
                        "attributes": {
                            "description": "Production DNS zone",
                            "dns_name": "rafcasado.com.br.",
                            "id": "rafcasado",
                            "name": "rafcasado",
                            "name_servers.#": "4",
                            "name_servers.0": "ns-cloud-c1.googledomains.com.",
                            "name_servers.1": "ns-cloud-c2.googledomains.com.",
                            "name_servers.2": "ns-cloud-c3.googledomains.com.",
                            "name_servers.3": "ns-cloud-c4.googledomains.com.",
                            "project": "concrete-list-198618"
                        },
                        "meta": {},
                        "tainted": false
                    },
                    "deposed": [],
                    "provider": "provider.google"
                },
                "google_dns_record_set.devops1": {
                    "type": "google_dns_record_set",
                    "depends_on": [
                        "google_compute_address.ipexterno"
                    ],
                    "primary": {
                        "id": "rafcasado/rancher.rafcasado.com.br./A",
                        "attributes": {
                            "id": "rafcasado/rancher.rafcasado.com.br./A",
                            "managed_zone": "rafcasado",
                            "name": "rancher.rafcasado.com.br.",
                            "project": "concrete-list-198618",
                            "rrdatas.#": "1",
                            "rrdatas.0": "35.224.1.99",
                            "ttl": "1",
                            "type": "A"
                        },
                        "meta": {},
                        "tainted": false
                    },
                    "deposed": [],
                    "provider": "provider.google"
                },
                "google_dns_record_set.devops2": {
                    "type": "google_dns_record_set",
                    "depends_on": [
                        "google_compute_address.ipexterno"
                    ],
                    "primary": {
                        "id": "rafcasado/www.rancher.rafcasado.com.br./A",
                        "attributes": {
                            "id": "rafcasado/www.rancher.rafcasado.com.br./A",
                            "managed_zone": "rafcasado",
                            "name": "www.rancher.rafcasado.com.br.",
                            "project": "concrete-list-198618",
                            "rrdatas.#": "1",
                            "rrdatas.0": "35.224.1.99",
                            "ttl": "1",
                            "type": "A"
                        },
                        "meta": {},
                        "tainted": false
                    },
                    "deposed": [],
                    "provider": "provider.google"
                }
            },
            "depends_on": []
        }
    ]
}
