{
    "version": 3,
    "terraform_version": "0.11.7",
    "serial": 79,
    "lineage": "a7fab1dc-97d7-0afa-fc0d-e104d3d7151d",
    "modules": [
        {
            "path": [
                "root"
            ],
            "outputs": {},
            "resources": {
                "google_dns_managed_zone.devops": {
                    "type": "google_dns_managed_zone",
                    "depends_on": [],
                    "primary": {
                        "id": "rafcasado",
                        "attributes": {
                            "description": "Production DNS zone",
                            "dns_name": "rafcasado.com.br.",
                            "id": "rafcasado",
                            "name": "rafcasado",
                            "name_servers.#": "4",
                            "name_servers.0": "ns-cloud-e1.googledomains.com.",
                            "name_servers.1": "ns-cloud-e2.googledomains.com.",
                            "name_servers.2": "ns-cloud-e3.googledomains.com.",
                            "name_servers.3": "ns-cloud-e4.googledomains.com.",
                            "project": "concrete-list-198618"
                        },
                        "meta": {},
                        "tainted": false
                    },
                    "deposed": [],
                    "provider": "provider.google"
                }
            },
            "depends_on": []
        }
    ]
}
